{
  "version": "2",
  "remote": {
    "https://deno.land/std@0.186.0/async/deferred.ts": "42790112f36a75a57db4a96d33974a936deb7b04d25c6084a9fa8a49f135def8",
    "https://deno.land/std@0.188.0/_util/asserts.ts": "178dfc49a464aee693a7e285567b3d0b555dc805ff490505a8aae34f9cfb1462",
    "https://deno.land/std@0.188.0/_util/os.ts": "d932f56d41e4f6a6093d56044e29ce637f8dcc43c5a90af43504a889cf1775e3",
    "https://deno.land/std@0.188.0/fs/_util.ts": "579038bebc3bd35c43a6a7766f7d91fbacdf44bc03468e9d3134297bb99ed4f9",
    "https://deno.land/std@0.188.0/fs/copy.ts": "14214efd94fc3aa6db1e4af2b4b9578e50f7362b7f3725d5a14ad259a5df26c8",
    "https://deno.land/std@0.188.0/fs/empty_dir.ts": "c3d2da4c7352fab1cf144a1ecfef58090769e8af633678e0f3fabaef98594688",
    "https://deno.land/std@0.188.0/fs/ensure_dir.ts": "dc64c4c75c64721d4e3fb681f1382f803ff3d2868f08563ff923fdd20d071c40",
    "https://deno.land/std@0.188.0/fs/ensure_file.ts": "c38602670bfaf259d86ca824a94e6cb9e5eb73757fefa4ebf43a90dd017d53d9",
    "https://deno.land/std@0.188.0/fs/ensure_link.ts": "c0f5b2f0ec094ed52b9128eccb1ee23362a617457aa0f699b145d4883f5b2fb4",
    "https://deno.land/std@0.188.0/fs/ensure_symlink.ts": "5006ab2f458159c56d689b53b1e48d57e05eeb1eaf64e677f7f76a30bc4fdba1",
    "https://deno.land/std@0.188.0/fs/eol.ts": "f1f2eb348a750c34500741987b21d65607f352cf7205f48f4319d417fff42842",
    "https://deno.land/std@0.188.0/fs/exists.ts": "29c26bca8584a22876be7cb8844f1b6c8fc35e9af514576b78f5c6884d7ed02d",
    "https://deno.land/std@0.188.0/fs/expand_glob.ts": "e4f56259a0a70fe23f05215b00de3ac5e6ba46646ab2a06ebbe9b010f81c972a",
    "https://deno.land/std@0.188.0/fs/mod.ts": "bc3d0acd488cc7b42627044caf47d72019846d459279544e1934418955ba4898",
    "https://deno.land/std@0.188.0/fs/move.ts": "b4f8f46730b40c32ea3c0bc8eb0fd0e8139249a698883c7b3756424cf19785c9",
    "https://deno.land/std@0.188.0/fs/walk.ts": "920be35a7376db6c0b5b1caf1486fb962925e38c9825f90367f8f26b5e5d0897",
    "https://deno.land/std@0.188.0/path/_constants.ts": "e49961f6f4f48039c0dfed3c3f93e963ca3d92791c9d478ac5b43183413136e0",
    "https://deno.land/std@0.188.0/path/_interface.ts": "6471159dfbbc357e03882c2266d21ef9afdb1e4aa771b0545e90db58a0ba314b",
    "https://deno.land/std@0.188.0/path/_util.ts": "d7abb1e0dea065f427b89156e28cdeb32b045870acdf865833ba808a73b576d0",
    "https://deno.land/std@0.188.0/path/common.ts": "ee7505ab01fd22de3963b64e46cff31f40de34f9f8de1fff6a1bd2fe79380000",
    "https://deno.land/std@0.188.0/path/glob.ts": "d479e0a695621c94d3fd7fe7abd4f9499caf32a8de13f25073451c6ef420a4e1",
    "https://deno.land/std@0.188.0/path/mod.ts": "ee161baec5ded6510ee1d1fb6a75a0f5e4b41f3f3301c92c716ecbdf7dae910d",
    "https://deno.land/std@0.188.0/path/posix.ts": "8b7c67ac338714b30c816079303d0285dd24af6b284f7ad63da5b27372a2c94d",
    "https://deno.land/std@0.188.0/path/separator.ts": "0fb679739d0d1d7bf45b68dacfb4ec7563597a902edbaf3c59b50d5bcadd93b1",
    "https://deno.land/std@0.188.0/path/win32.ts": "d186344e5583bcbf8b18af416d13d82b35a317116e6460a5a3953508c3de5bba",
    "https://deno.land/std@0.188.0/semver/mod.ts": "200f50cf6872212667df532fb09f0b1a33d3427a5201f75fad30a0d0c6dbcce3",
    "https://deno.land/std@0.191.0/_util/asserts.ts": "178dfc49a464aee693a7e285567b3d0b555dc805ff490505a8aae34f9cfb1462",
    "https://deno.land/std@0.191.0/_util/os.ts": "d932f56d41e4f6a6093d56044e29ce637f8dcc43c5a90af43504a889cf1775e3",
    "https://deno.land/std@0.191.0/bytes/bytes_list.ts": "31d664f4d42fa922066405d0e421c56da89d751886ee77bbe25a88bf0310c9d0",
    "https://deno.land/std@0.191.0/bytes/concat.ts": "d26d6f3d7922e6d663dacfcd357563b7bf4a380ce5b9c2bbe0c8586662f25ce2",
    "https://deno.land/std@0.191.0/bytes/copy.ts": "939d89e302a9761dcf1d9c937c7711174ed74c59eef40a1e4569a05c9de88219",
    "https://deno.land/std@0.191.0/fmt/printf.ts": "e5b426cd6ad13df5d408e9c375c025d59de30e380c5534715bd892df874ab057",
    "https://deno.land/std@0.191.0/fs/_util.ts": "fbf57dcdc9f7bc8128d60301eece608246971a7836a3bb1e78da75314f08b978",
    "https://deno.land/std@0.191.0/fs/copy.ts": "14214efd94fc3aa6db1e4af2b4b9578e50f7362b7f3725d5a14ad259a5df26c8",
    "https://deno.land/std@0.191.0/fs/empty_dir.ts": "c3d2da4c7352fab1cf144a1ecfef58090769e8af633678e0f3fabaef98594688",
    "https://deno.land/std@0.191.0/fs/ensure_dir.ts": "dc64c4c75c64721d4e3fb681f1382f803ff3d2868f08563ff923fdd20d071c40",
    "https://deno.land/std@0.191.0/fs/ensure_file.ts": "c38602670bfaf259d86ca824a94e6cb9e5eb73757fefa4ebf43a90dd017d53d9",
    "https://deno.land/std@0.191.0/fs/ensure_link.ts": "c0f5b2f0ec094ed52b9128eccb1ee23362a617457aa0f699b145d4883f5b2fb4",
    "https://deno.land/std@0.191.0/fs/ensure_symlink.ts": "5006ab2f458159c56d689b53b1e48d57e05eeb1eaf64e677f7f76a30bc4fdba1",
    "https://deno.land/std@0.191.0/fs/eol.ts": "f1f2eb348a750c34500741987b21d65607f352cf7205f48f4319d417fff42842",
    "https://deno.land/std@0.191.0/fs/exists.ts": "29c26bca8584a22876be7cb8844f1b6c8fc35e9af514576b78f5c6884d7ed02d",
    "https://deno.land/std@0.191.0/fs/expand_glob.ts": "e4f56259a0a70fe23f05215b00de3ac5e6ba46646ab2a06ebbe9b010f81c972a",
    "https://deno.land/std@0.191.0/fs/mod.ts": "bc3d0acd488cc7b42627044caf47d72019846d459279544e1934418955ba4898",
    "https://deno.land/std@0.191.0/fs/move.ts": "b4f8f46730b40c32ea3c0bc8eb0fd0e8139249a698883c7b3756424cf19785c9",
    "https://deno.land/std@0.191.0/fs/walk.ts": "920be35a7376db6c0b5b1caf1486fb962925e38c9825f90367f8f26b5e5d0897",
    "https://deno.land/std@0.191.0/io/buf_reader.ts": "06fff3337091c49e99ebd2dd790c9a90364c087a2953ea081667400fd6c6cebb",
    "https://deno.land/std@0.191.0/io/buf_writer.ts": "48c33c8f00b61dcbc7958706741cec8e59810bd307bc6a326cbd474fe8346dfd",
    "https://deno.land/std@0.191.0/io/buffer.ts": "17f4410eaaa60a8a85733e8891349a619eadfbbe42e2f319283ce2b8f29723ab",
    "https://deno.land/std@0.191.0/io/copy_n.ts": "0cc7ce07c75130f6fc18621ec1911c36e147eb9570664fee0ea12b1988167590",
    "https://deno.land/std@0.191.0/io/limited_reader.ts": "6c9a216f8eef39c1ee2a6b37a29372c8fc63455b2eeb91f06d9646f8f759fc8b",
    "https://deno.land/std@0.191.0/io/mod.ts": "2665bcccc1fd6e8627cca167c3e92aaecbd9897556b6f69e6d258070ef63fd9b",
    "https://deno.land/std@0.191.0/io/multi_reader.ts": "9c2a0a31686c44b277e16da1d97b4686a986edcee48409b84be25eedbc39b271",
    "https://deno.land/std@0.191.0/io/read_delim.ts": "c02b93cc546ae8caad8682ae270863e7ace6daec24c1eddd6faabc95a9d876a3",
    "https://deno.land/std@0.191.0/io/read_int.ts": "7cb8bcdfaf1107586c3bacc583d11c64c060196cb070bb13ae8c2061404f911f",
    "https://deno.land/std@0.191.0/io/read_lines.ts": "c526c12a20a9386dc910d500f9cdea43cba974e853397790bd146817a7eef8cc",
    "https://deno.land/std@0.191.0/io/read_long.ts": "f0aaa420e3da1261c5d33c5e729f09922f3d9fa49f046258d4ff7a00d800c71e",
    "https://deno.land/std@0.191.0/io/read_range.ts": "28152daf32e43dd9f7d41d8466852b0d18ad766cd5c4334c91fef6e1b3a74eb5",
    "https://deno.land/std@0.191.0/io/read_short.ts": "805cb329574b850b84bf14a92c052c59b5977a492cd780c41df8ad40826c1a20",
    "https://deno.land/std@0.191.0/io/read_string_delim.ts": "5dc9f53bdf78e7d4ee1e56b9b60352238ab236a71c3e3b2a713c3d78472a53ce",
    "https://deno.land/std@0.191.0/io/slice_long_to_bytes.ts": "48d9bace92684e880e46aa4a2520fc3867f9d7ce212055f76ecc11b22f9644b7",
    "https://deno.land/std@0.191.0/io/string_reader.ts": "da0f68251b3d5b5112485dfd4d1b1936135c9b4d921182a7edaf47f74c25cc8f",
    "https://deno.land/std@0.191.0/io/string_writer.ts": "8a03c5858c24965a54c6538bed15f32a7c72f5704a12bda56f83a40e28e5433e",
    "https://deno.land/std@0.191.0/path/_constants.ts": "e49961f6f4f48039c0dfed3c3f93e963ca3d92791c9d478ac5b43183413136e0",
    "https://deno.land/std@0.191.0/path/_interface.ts": "6471159dfbbc357e03882c2266d21ef9afdb1e4aa771b0545e90db58a0ba314b",
    "https://deno.land/std@0.191.0/path/_util.ts": "d7abb1e0dea065f427b89156e28cdeb32b045870acdf865833ba808a73b576d0",
    "https://deno.land/std@0.191.0/path/common.ts": "ee7505ab01fd22de3963b64e46cff31f40de34f9f8de1fff6a1bd2fe79380000",
    "https://deno.land/std@0.191.0/path/glob.ts": "d479e0a695621c94d3fd7fe7abd4f9499caf32a8de13f25073451c6ef420a4e1",
    "https://deno.land/std@0.191.0/path/mod.ts": "f065032a7189404fdac3ad1a1551a9ac84751d2f25c431e101787846c86c79ef",
    "https://deno.land/std@0.191.0/path/posix.ts": "8b7c67ac338714b30c816079303d0285dd24af6b284f7ad63da5b27372a2c94d",
    "https://deno.land/std@0.191.0/path/separator.ts": "0fb679739d0d1d7bf45b68dacfb4ec7563597a902edbaf3c59b50d5bcadd93b1",
    "https://deno.land/std@0.191.0/path/win32.ts": "d186344e5583bcbf8b18af416d13d82b35a317116e6460a5a3953508c3de5bba",
    "https://deno.land/std@0.191.0/types.d.ts": "dbaeb2c4d7c526db9828fc8df89d8aecf53b9ced72e0c4568f97ddd8cda616a4",
    "https://deno.land/x/async@v2.0.2/notify.ts": "3127ab5835c97527fdf978a5ec5844d71a2fd62a75988db6f175aac6f61259d0",
    "https://deno.land/x/async@v2.0.2/semaphore.ts": "16aca813bc0f9ffed4eb15134271fb677407a6245d1f803294219a607940d636",
    "https://deno.land/x/denops_core@v5.0.0/denops.ts": "ffc9c6dcf873d806ae6e426661dc86d6c27f3faabaf19eea336254ee57b554cc",
    "https://deno.land/x/denops_core@v5.0.0/mod.ts": "abc31bf739a30a8cf07d54a56b7c5d5efb8105bf9dd4d6dae4866649985bc035",
    "https://deno.land/x/denops_std@v5.0.0/autocmd/common.ts": "73ad29a363948871aba4cc2e5661bef5145e671b953d3f9815d4f56efc4c70a0",
    "https://deno.land/x/denops_std@v5.0.0/autocmd/group.ts": "d55d1657aa51517ddad9e3516570f6cdb5b86020f5b6796c22b0e23375e33d2f",
    "https://deno.land/x/denops_std@v5.0.0/autocmd/mod.ts": "a3fbf1c1b2bd5a7f95a3bc94e6df909b291376d657bc35272b52ad3e2728ec8a",
    "https://deno.land/x/denops_std@v5.0.0/autocmd/types.ts": "485f918030b3d28c86052dcf7822f6bbeaa95119db1f0d7632af54b1c087f53c",
    "https://deno.land/x/denops_std@v5.0.0/autocmd/utils.ts": "f0238f60cf80acb14c8aaa89b25454714f3f627b1f8c94ca8197e906ff753f3f",
    "https://deno.land/x/denops_std@v5.0.0/batch/batch.ts": "6ae455674810813826114a770b66ccfc46dc3c6cdeb4b23a55a820a52c972e9b",
    "https://deno.land/x/denops_std@v5.0.0/batch/collect.ts": "725a88cd23c784dbca2808e9981e17f44b783195fd2cd8feb4ba59f6c5174b87",
    "https://deno.land/x/denops_std@v5.0.0/batch/mod.ts": "d0d2750a9fff0872b001de47a77e4ed08f5142fdc219d9ba6cf3444d393d732a",
    "https://deno.land/x/denops_std@v5.0.0/buffer/buffer.ts": "6b9003090162124e7618d46babffab171c573782dc1b08ddd452746b8ce38bc0",
    "https://deno.land/x/denops_std@v5.0.0/buffer/decoration.ts": "cdf0b077384f923fe1107dc7991d73692e483aca3f749edf28094399d0b7609c",
    "https://deno.land/x/denops_std@v5.0.0/buffer/fileencoding.ts": "3d81249ee2f2d46a0457123393816249f01852f644a393d558d71aca46fd9f49",
    "https://deno.land/x/denops_std@v5.0.0/buffer/fileformat.ts": "d392deb99496c299c918a9c306231ae3b93836bf17727869eb3173ceba581f66",
    "https://deno.land/x/denops_std@v5.0.0/buffer/mod.ts": "c9dd4556ffa5e46852f71aae235202771ea630a6c71e28418e9e5d8aa6fecbe3",
    "https://deno.land/x/denops_std@v5.0.0/function/_generated.ts": "f9ec2bf72d98e6070afffedf4aa3e11decb6d611da2431859b0b4af3dcc10d3a",
    "https://deno.land/x/denops_std@v5.0.0/function/_manual.ts": "a26da7f6d5cae879eac8ebb925cf86943ef49644fe99878c69c6917697672ea7",
    "https://deno.land/x/denops_std@v5.0.0/function/buffer.ts": "b84bc924eadd1085a0bd68dd45ad794fd8eb7aad314a7697e3339dfc6cbaaed6",
    "https://deno.land/x/denops_std@v5.0.0/function/common.ts": "7511002d713c8c064d8e1d87f381f94292bf6963c0b866a51c510ad57af8f698",
    "https://deno.land/x/denops_std@v5.0.0/function/cursor.ts": "18bc8ed07666f6769c89ef9bcf8009719f16f0ad03b7a27c6bb18bc09362030e",
    "https://deno.land/x/denops_std@v5.0.0/function/getreginfo.ts": "ca7f16ff2f3e4644dd03b55ae233fd01247aa8418dbfe042bc91fe70eebd1bab",
    "https://deno.land/x/denops_std@v5.0.0/function/input.ts": "ff24065c05291bd5dce2a3a1b92291a97d3ef5b05e9d135a54b07d7c45b33374",
    "https://deno.land/x/denops_std@v5.0.0/function/mod.ts": "714b13733ab9a1a4cb77220dafe27ee5edabe00c000ab79f8ab030a5c8440788",
    "https://deno.land/x/denops_std@v5.0.0/function/nvim/_generated.ts": "8ef0481c72ece0804df90f30250e411f0427f7b04a1bcb591724c277e0d33d59",
    "https://deno.land/x/denops_std@v5.0.0/function/nvim/_manual.ts": "e3b0c44298fc1c149afbf4c8996fb92427ae41e4649b934ca495991b7852b855",
    "https://deno.land/x/denops_std@v5.0.0/function/nvim/mod.ts": "807bbfad635489bcf442657a1d619bcad69dee9998f611fb295add7570500841",
    "https://deno.land/x/denops_std@v5.0.0/function/types.ts": "182b31a01540b65ef132f5743ff0c5141b577a5e0a95e5479b8745905763a434",
    "https://deno.land/x/denops_std@v5.0.0/function/various.ts": "442cfb107e1ff881b0772276feba59d60504f3776dd03d47b039acac2e07ed3d",
    "https://deno.land/x/denops_std@v5.0.0/function/vim/_generated.ts": "023c9cb75e6f1ebdae2ca6718ac21c9bc819d61fb86abebef83bf68f99c20721",
    "https://deno.land/x/denops_std@v5.0.0/function/vim/_manual.ts": "ec0603d2ea8ee14e4386419a97cc7d74531b7b14bd5aa7192476072acee49e79",
    "https://deno.land/x/denops_std@v5.0.0/function/vim/mod.ts": "619d5f95a9cd3660984834533a9e2a74c93d067797ecf26c3f5e597010495834",
    "https://deno.land/x/denops_std@v5.0.0/function/vim/prop_add_list.ts": "4895c5d5743fbfbb879827e11f3bd720a01515b38c9f95d407622d569945041a",
    "https://deno.land/x/denops_std@v5.0.0/helper/echo.ts": "9bacbbb69a87817554dacf716e95f6aeb058fdfff0a80e2dbba5d76706809df4",
    "https://deno.land/x/denops_std@v5.0.0/helper/execute.ts": "4534e956ab1e4e160358cef64627e0877071f219b72d447c9314ce5d505f4412",
    "https://deno.land/x/denops_std@v5.0.0/helper/input.ts": "eb4084690090882310babf9c75d655e7ab25ab44c4b36a16c5c3d9a7d64cfffa",
    "https://deno.land/x/denops_std@v5.0.0/helper/load.ts": "2951dd406b59aae609d20ed6a6723f07a5fa770341fe5042fe1f3d2f60f86bef",
    "https://deno.land/x/denops_std@v5.0.0/helper/mod.ts": "4f008bc1bfdb89129b493c49be1996c9aa7902ad0a862675a7884d4d6c255c8f",
    "https://deno.land/x/denops_std@v5.0.0/lambda/mod.ts": "72ed7e5109cd008403a63065025eba9a9bb184e5feda6517642f49478c2c6121",
    "https://deno.land/x/denops_std@v5.0.0/mapping/mod.ts": "b51358566055c74a41fdbdb0caa7b51cb5f86b20ea34fce8852f3cdbe6791a5e",
    "https://deno.land/x/denops_std@v5.0.0/mapping/parser.ts": "3b5366fec575eebb5ee3eee95781210a161ef7df8580a1d25edf99bbb46d6929",
    "https://deno.land/x/denops_std@v5.0.0/mapping/types.ts": "d23935756ee4d50539734be2bc030b25879c67e7f37e1f32d43ec571ab819f0f",
    "https://deno.land/x/denops_std@v5.0.0/mod.ts": "b0a68b416fd320ac977e8e1a5fcddecb02924d2bb5c1dd2843a789d533d173b2",
    "https://deno.land/x/denops_std@v5.0.0/option/_generated.ts": "4e4e97f0c5327576cbffea155ac9224ce54533ee34ac7836c27d5dfd2a8f6eb0",
    "https://deno.land/x/denops_std@v5.0.0/option/_manual.ts": "e3b0c44298fc1c149afbf4c8996fb92427ae41e4649b934ca495991b7852b855",
    "https://deno.land/x/denops_std@v5.0.0/option/mod.ts": "d1c79cd2733c3efc2d3b89f51cfe8d71f2567af066d0c0e27fa3d0731e3d7c96",
    "https://deno.land/x/denops_std@v5.0.0/util.ts": "ded8c5790c4cb6082d27596ff0958291d795695ec6323113dec5c1985b5ebb46",
    "https://deno.land/x/denops_std@v5.0.0/variable/environment.ts": "59c5f8645f2b652e7c0423026b8d49358a6d66dce0a65f2b16cae95c40a1929b",
    "https://deno.land/x/denops_std@v5.0.0/variable/mod.ts": "b247a9153211f1fd1eaaadf35efc3b0f7dd16ed57eb2a8137419138934a2fec5",
    "https://deno.land/x/denops_std@v5.0.0/variable/option.ts": "134a938b2edf68ce7827644fb254ae665a804239962ceaa0732fbe267fab3fc8",
    "https://deno.land/x/denops_std@v5.0.0/variable/register.ts": "1cf2903c911628be393403455e10eb2cc10b81f80fef7da96a7c37a189120799",
    "https://deno.land/x/denops_std@v5.0.0/variable/types.ts": "187b4245939e264bb24e1865ff272d73183c42fb829500ff79bc6265e8c26a16",
    "https://deno.land/x/denops_std@v5.0.0/variable/variable.ts": "51b3c62e102dafb494aeceaca998780b3cd0c02524f9f98dc1ddc1963ff87a32",
    "https://deno.land/x/dvpm@1.0.0/dvpm.ts": "256f5636d7653d20f26636a4cc100864300def70ea6d1c84d34aa0216e752b43",
    "https://deno.land/x/dvpm@1.0.0/git.ts": "4b510b937c90a70c8c3340a4e370fe5fea0d2ee4ee14b9c65080b2f8fd861997",
    "https://deno.land/x/dvpm@1.0.0/mod.ts": "7723b5bf4f383ab511a7bbff9baf62da4eb3a001375d31594cffa396c7429d93",
    "https://deno.land/x/dvpm@1.0.0/plugin.ts": "cc4e1637fdc24eb7fa6f6038428f9ef0a46ff9eaad0fca16e6909c7efc89e5ce",
    "https://deno.land/x/dvpm@1.0.0/util.ts": "53ce4cd5799866de80569f19b3a1855c7d3255be5d3d56995c94f08671fcbcee",
    "https://deno.land/x/itertools@v1.1.1/builtins.ts": "8162bfe991ec70ef06e3f337395ca28948072add021e048cc9e7fb1c51b4b201",
    "https://deno.land/x/itertools@v1.1.1/custom.ts": "f89f6e9c08de0e19869984f9cd50f2655c7fbf24bba6029f28e2fcf3df871eb6",
    "https://deno.land/x/itertools@v1.1.1/itertools.ts": "e6819a5e7a657111cca525bc2afb41562d824c064a83094ce1b6e27373613169",
    "https://deno.land/x/itertools@v1.1.1/mod.ts": "a10331e9018a2d405d5a180822f812eacf4cf43ba23a4e8eb52d107f84936d52",
    "https://deno.land/x/itertools@v1.1.1/more-itertools.ts": "488dfd9d71a16f234584994c0812f639e4c17b1b557a4e71cf39f7d69a700469",
    "https://deno.land/x/itertools@v1.1.1/utils.ts": "6ef37b728b733a8b30e241cbc6992329d54579c27e24b9f225b90a622fd00656",
    "https://deno.land/x/unknownutil@v2.1.1/assert.ts": "33ac165c3917129a66f29a7098c0d56d8be290cc271afd0152705b97c770892d",
    "https://deno.land/x/unknownutil@v2.1.1/ensure.ts": "c7878930c8bd341e88c4f1fc742e98fe5e8451f5b9bac21fae2d085914d95827",
    "https://deno.land/x/unknownutil@v2.1.1/is.ts": "32ef707359264c5baf97725ceb13f87ef34e73b50eb199d76034742bec21f2a2",
    "https://deno.land/x/unknownutil@v2.1.1/maybe.ts": "260f159636893d2d0e08814151a0b19b3bc0e7fa8b423bdf2b64aa664a4ee735",
    "https://deno.land/x/unknownutil@v2.1.1/mod.ts": "ccd4f6ba067ac766da0533f13a018a6734c042a9484115fa49c7face17e8501d",
    "https://deno.land/x/unreachable@v0.1.0/mod.ts": "95a2ac02cbc97e9af486b6309d4bdf9507fb1dec540852c99aeef304014a2109",
    "https://esm.sh/simple-git@3.19.0": "af1553705d2f276a76a0c2a58946e6186ed399c5999140af6f8492e4e8ee952f",
    "https://esm.sh/v125/@kwsites/file-exists@1.1.1/denonext/file-exists.mjs": "8f6a043698cf6d13f2c94e6b4e29c6d961eeca87f37d37adfc4fe1073c4d0796",
    "https://esm.sh/v125/@kwsites/promise-deferred@1.1.1/denonext/promise-deferred.mjs": "e6a0e3fd54ec73df7654375c8b509c4bac067244ec383bf6ca3ec558b81456c1",
    "https://esm.sh/v125/debug@4.3.4/denonext/debug.mjs": "e2c993678815e02eb834c52723ec0a5b069dcfdeae969cefb4099d758c6fa514",
    "https://esm.sh/v125/ms@2.1.2/denonext/ms.mjs": "aa4dc45ba72554c5011168f8910cc646c37af53cfff1a15a4decced838b8eb14",
    "https://esm.sh/v125/simple-git@3.19.0/denonext/simple-git.mjs": "4091c19700654597fa76b1519e43161142536ecccfdd30b30d6bd1d404f059af"
  }
}
